
Microsoft Visual Studio Solution File, Format Version 12.00
# Visual Studio Version 17
VisualStudioVersion = 17.14.36429.23
MinimumVisualStudioVersion = 10.0.40219.1
Project("{2150E333-8FDC-42A3-9474-1A3956D46DE8}") = "src", "src", "{02EA681E-C7D8-13C7-8484-4AC65E1B71E8}"
EndProject
Project("{2150E333-8FDC-42A3-9474-1A3956D46DE8}") = "test", "test", "{742E3FC9-5B73-405C-879D-0C7466D91BF0}"
EndProject
Project("{2150E333-8FDC-42A3-9474-1A3956D46DE8}") = "API", "API", "{2BBCFAEC-584D-450C-93EC-99E827A05921}"
EndProject
Project("{2150E333-8FDC-42A3-9474-1A3956D46DE8}") = "Core", "Core", "{EA7B9F81-783D-428A-8AA9-83B7AC9E008E}"
EndProject
Project("{2150E333-8FDC-42A3-9474-1A3956D46DE8}") = "Infrastructure", "Infrastructure", "{11EBD8F0-E3DD-4077-B28C-8C8E0D783327}"
EndProject
Project("{2150E333-8FDC-42A3-9474-1A3956D46DE8}") = "Frontend-Web-React", "Frontend-Web-React", "{40169A9B-DEDB-49D0-A577-43839DEB41C6}"
EndProject
Project("{2150E333-8FDC-42A3-9474-1A3956D46DE8}") = "Backend", "Backend", "{6ED3034E-7C78-4B49-8569-A2E3492684E8}"
EndProject
Project("{2150E333-8FDC-42A3-9474-1A3956D46DE8}") = "Frontend", "Frontend", "{B05952A2-1977-46F8-9B5B-F4647344A9F7}"
EndProject
Project("{FAE04EC0-301F-11D3-BF4B-00C04F79EFBC}") = "AppTrack.Domain", "AppTrack.Domain\AppTrack.Domain.csproj", "{D5BB6857-E9E0-4B24-949D-8B262EEC1BE9}"
EndProject
Project("{2150E333-8FDC-42A3-9474-1A3956D46DE8}") = "Solution Items", "Solution Items", "{8EC462FD-D22E-90A8-E5CE-7E832BA40C5D}"
	ProjectSection(SolutionItems) = preProject
		.gitignore = .gitignore
	EndProjectSection
EndProject
Project("{FAE04EC0-301F-11D3-BF4B-00C04F79EFBC}") = "AppTrack.Application", "AppTrack.Application\AppTrack.Application.csproj", "{2121EC3A-99BF-4C9F-BD5B-6B357AD6FED7}"
EndProject
Global
	GlobalSection(SolutionConfigurationPlatforms) = preSolution
		Debug|Any CPU = Debug|Any CPU
		Release|Any CPU = Release|Any CPU
	EndGlobalSection
	GlobalSection(ProjectConfigurationPlatforms) = postSolution
		{D5BB6857-E9E0-4B24-949D-8B262EEC1BE9}.Debug|Any CPU.ActiveCfg = Debug|Any CPU
		{D5BB6857-E9E0-4B24-949D-8B262EEC1BE9}.Debug|Any CPU.Build.0 = Debug|Any CPU
		{D5BB6857-E9E0-4B24-949D-8B262EEC1BE9}.Release|Any CPU.ActiveCfg = Release|Any CPU
		{D5BB6857-E9E0-4B24-949D-8B262EEC1BE9}.Release|Any CPU.Build.0 = Release|Any CPU
		{2121EC3A-99BF-4C9F-BD5B-6B357AD6FED7}.Debug|Any CPU.ActiveCfg = Debug|Any CPU
		{2121EC3A-99BF-4C9F-BD5B-6B357AD6FED7}.Debug|Any CPU.Build.0 = Debug|Any CPU
		{2121EC3A-99BF-4C9F-BD5B-6B357AD6FED7}.Release|Any CPU.ActiveCfg = Release|Any CPU
		{2121EC3A-99BF-4C9F-BD5B-6B357AD6FED7}.Release|Any CPU.Build.0 = Release|Any CPU
	EndGlobalSection
	GlobalSection(SolutionProperties) = preSolution
		HideSolutionNode = FALSE
	EndGlobalSection
	GlobalSection(NestedProjects) = preSolution
		{2BBCFAEC-584D-450C-93EC-99E827A05921} = {6ED3034E-7C78-4B49-8569-A2E3492684E8}
		{EA7B9F81-783D-428A-8AA9-83B7AC9E008E} = {6ED3034E-7C78-4B49-8569-A2E3492684E8}
		{11EBD8F0-E3DD-4077-B28C-8C8E0D783327} = {6ED3034E-7C78-4B49-8569-A2E3492684E8}
		{40169A9B-DEDB-49D0-A577-43839DEB41C6} = {B05952A2-1977-46F8-9B5B-F4647344A9F7}
		{6ED3034E-7C78-4B49-8569-A2E3492684E8} = {02EA681E-C7D8-13C7-8484-4AC65E1B71E8}
		{B05952A2-1977-46F8-9B5B-F4647344A9F7} = {02EA681E-C7D8-13C7-8484-4AC65E1B71E8}
		{D5BB6857-E9E0-4B24-949D-8B262EEC1BE9} = {EA7B9F81-783D-428A-8AA9-83B7AC9E008E}
		{2121EC3A-99BF-4C9F-BD5B-6B357AD6FED7} = {EA7B9F81-783D-428A-8AA9-83B7AC9E008E}
	EndGlobalSection
	GlobalSection(ExtensibilityGlobals) = postSolution
		SolutionGuid = {EB8C5136-FE2C-4733-AEB3-ABE11FF82EDE}
	EndGlobalSection
EndGlobal
